
Microsoft Visual Studio Solution File, Format Version 12.00
# Visual Studio Version 16
VisualStudioVersion = 16.0.31729.503
MinimumVisualStudioVersion = 10.0.40219.1
Project("{FAE04EC0-301F-11D3-BF4B-00C04F79EFBC}") = "2266", "2266\2266.csproj", "{5E21F8C9-04CB-4E15-81AF-545A6504F8A6}"
EndProject
Global
	GlobalSection(SolutionConfigurationPlatforms) = preSolution
		Debug|Any CPU = Debug|Any CPU
		Release|Any CPU = Release|Any CPU
	EndGlobalSection
	GlobalSection(ProjectConfigurationPlatforms) = postSolution
		{5E21F8C9-04CB-4E15-81AF-545A6504F8A6}.Debug|Any CPU.ActiveCfg = Debug|Any CPU
		{5E21F8C9-04CB-4E15-81AF-545A6504F8A6}.Debug|Any CPU.Build.0 = Debug|Any CPU
		{5E21F8C9-04CB-4E15-81AF-545A6504F8A6}.Release|Any CPU.ActiveCfg = Release|Any CPU
		{5E21F8C9-04CB-4E15-81AF-545A6504F8A6}.Release|Any CPU.Build.0 = Release|Any CPU
	EndGlobalSection
	GlobalSection(SolutionProperties) = preSolution
		HideSolutionNode = FALSE
	EndGlobalSection
	GlobalSection(ExtensibilityGlobals) = postSolution
		SolutionGuid = {12D6190E-28C3-4BC4-853F-7595707EBC10}
	EndGlobalSection
EndGlobal
